// !$*UTF8*$!
{
	archiveVersion = 1;
	classes = {
	};
	objectVersion = 77;
	objects = {

/* Begin PBXBuildFile section */
		00B5BFA9AA8BAE87BBD70110 /* Localizable.xcstrings in Resources */ = {isa = PBXBuildFile; fileRef = C025916FFE193709BFE79626 /* Localizable.xcstrings */; };
		045548523ED1B5719BF4BF25 /* RunScaffold.swift in Sources */ = {isa = PBXBuildFile; fileRef = B81AF2D50A1295819CF2F665 /* RunScaffold.swift */; };
		046023FB4F5535E396CA54F9 /* SpaceGrotesk-Medium.ttf in Resources */ = {isa = PBXBuildFile; fileRef = 741D0ECD05019FE9B9E6258E /* SpaceGrotesk-Medium.ttf */; };
		051AF0F0EA15F44F5D3F9848 /* RunWeek.swift in Sources */ = {isa = PBXBuildFile; fileRef = 56F5464BE0196BC03E8F0255 /* RunWeek.swift */; };
		07C5CEEF37DA02B813DDA920 /* CurrimusWatchWidgets.appex in Embed Foundation Extensions */ = {isa = PBXBuildFile; fileRef = BA72643E97B3CCB96BF5996B /* CurrimusWatchWidgets.appex */; settings = {ATTRIBUTES = (RemoveHeadersOnCopy, ); }; };
		0AF2B49944699FB95A35180D /* RunSync.swift in Sources */ = {isa = PBXBuildFile; fileRef = 99659A5B888C4EF67485D477 /* RunSync.swift */; };
		1036F046D58875E97CB5C429 /* RunExport.swift in Sources */ = {isa = PBXBuildFile; fileRef = C4AE7EB972483756B1B4BD09 /* RunExport.swift */; };
		10AAF1A5FFD45EB38E9620D8 /* Log.swift in Sources */ = {isa = PBXBuildFile; fileRef = 2EA58C9AB36DB9CE81261E36 /* Log.swift */; };
		1242EDB609907C5835F455E1 /* RunStore.swift in Sources */ = {isa = PBXBuildFile; fileRef = 65B6A62A4E92A05F4D05C253 /* RunStore.swift */; };
		18D1C40B1D4614C0E2361BEE /* Theme.swift in Sources */ = {isa = PBXBuildFile; fileRef = E47BCF44600BC83F472F7AE0 /* Theme.swift */; };
		190698F50C3CAC3A718B9688 /* RunExport.swift in Sources */ = {isa = PBXBuildFile; fileRef = C4AE7EB972483756B1B4BD09 /* RunExport.swift */; };
		29202736108BECE52768BC98 /* RunSync.swift in Sources */ = {isa = PBXBuildFile; fileRef = 99659A5B888C4EF67485D477 /* RunSync.swift */; };
		2981B3EADB4136CEB5C61AD3 /* FontLoader.swift in Sources */ = {isa = PBXBuildFile; fileRef = 7041C5B5C3C56EA9BCBC5895 /* FontLoader.swift */; };
		29F109AB2C5C54FCA7053EE2 /* AppDefaults.swift in Sources */ = {isa = PBXBuildFile; fileRef = 4EA7CA19D96A380C1E5D2ECF /* AppDefaults.swift */; };
		2BED9195AAB4F4F85A5717DC /* Assets.xcassets in Resources */ = {isa = PBXBuildFile; fileRef = DD88986EEA97DE1411F9263F /* Assets.xcassets */; };
		2CB91D71E6B6E6FA24F1C95F /* SpaceGrotesk-Light.ttf in Resources */ = {isa = PBXBuildFile; fileRef = 8A2261073FBBD8C3A56D3695 /* SpaceGrotesk-Light.ttf */; };
		2ECACF05656A544A071E091E /* SpaceGrotesk-SemiBold.ttf in Resources */ = {isa = PBXBuildFile; fileRef = E717959C80C76B4970E1A1D3 /* SpaceGrotesk-SemiBold.ttf */; };
		2FBDE3651DB7F383C79F5873 /* RunStoreTests.swift in Sources */ = {isa = PBXBuildFile; fileRef = E7F9B6C5CE55770CF0FED06C /* RunStoreTests.swift */; };
		36AD42538236A5E3C7DEBBFA /* SampleData.swift in Sources */ = {isa = PBXBuildFile; fileRef = 9706CC7AC3AF5DD0051A05A8 /* SampleData.swift */; };
		3EDCB951E6A8420B6587553D /* RunSampleStore.swift in Sources */ = {isa = PBXBuildFile; fileRef = 35A2BF1160B61F7331AC0308 /* RunSampleStore.swift */; };
		40D4E4DB344B503AAF1DF4B9 /* RunSync.swift in Sources */ = {isa = PBXBuildFile; fileRef = 99659A5B888C4EF67485D477 /* RunSync.swift */; };
		420A6A484F0DE550B615F0C8 /* RunSampleStore.swift in Sources */ = {isa = PBXBuildFile; fileRef = 35A2BF1160B61F7331AC0308 /* RunSampleStore.swift */; };
		449E3A09C2FB15F329217684 /* Log.swift in Sources */ = {isa = PBXBuildFile; fileRef = 2EA58C9AB36DB9CE81261E36 /* Log.swift */; };
		46B6E33C7D7A8381DA916D62 /* RunAnalytics.swift in Sources */ = {isa = PBXBuildFile; fileRef = 506DE4D0BFC1892ED9C97D97 /* RunAnalytics.swift */; };
		46CDAB9D5A52183942BD873E /* SpaceGrotesk-SemiBold.ttf in Resources */ = {isa = PBXBuildFile; fileRef = E717959C80C76B4970E1A1D3 /* SpaceGrotesk-SemiBold.ttf */; };
		47CE54F292D14E7AD6062FA0 /* CurrimusWatch.app in Embed Watch Content */ = {isa = PBXBuildFile; fileRef = D22E4A08BC4686C2D7CC7F5A /* CurrimusWatch.app */; settings = {ATTRIBUTES = (RemoveHeadersOnCopy, ); }; };
		47D3F5548C3FD6747232EAA3 /* HealthImport.swift in Sources */ = {isa = PBXBuildFile; fileRef = 46E064E4F53870876EEA1602 /* HealthImport.swift */; };
		487CD92918738997F3DB723F /* OFL.txt in Resources */ = {isa = PBXBuildFile; fileRef = 7D363B4FE9688A032EED38C4 /* OFL.txt */; };
		489D187DA8A40C27BC216EDE /* RecordingIssue.swift in Sources */ = {isa = PBXBuildFile; fileRef = 1EC5D9A0957780EACF963837 /* RecordingIssue.swift */; };
		4A93497D731DA4D66AE0ED2B /* HomeView.swift in Sources */ = {isa = PBXBuildFile; fileRef = 9D336F171455FDB718A18387 /* HomeView.swift */; };
		4C3178B122AD4A60DCDDA078 /* HealthImport.swift in Sources */ = {isa = PBXBuildFile; fileRef = 46E064E4F53870876EEA1602 /* HealthImport.swift */; };
		4CBCD27EBAFE272144D57CC1 /* FontLoader.swift in Sources */ = {isa = PBXBuildFile; fileRef = 7041C5B5C3C56EA9BCBC5895 /* FontLoader.swift */; };
		4E4AF6DCA02A01FEE46387B7 /* RunStore.swift in Sources */ = {isa = PBXBuildFile; fileRef = 65B6A62A4E92A05F4D05C253 /* RunStore.swift */; };
		4E9DC5F07B3CCE7B709E81C6 /* HealthImport.swift in Sources */ = {isa = PBXBuildFile; fileRef = 46E064E4F53870876EEA1602 /* HealthImport.swift */; };
		4F5B2CED42029C3BED5B683E /* SpaceGrotesk-SemiBold.ttf in Resources */ = {isa = PBXBuildFile; fileRef = E717959C80C76B4970E1A1D3 /* SpaceGrotesk-SemiBold.ttf */; };
		53B0ED35B918C95FCCCA4B07 /* Models.swift in Sources */ = {isa = PBXBuildFile; fileRef = CF3515C4DD609F7375C055AA /* Models.swift */; };
		53FBDEC2B58546052685A40C /* WeekSnapshot.swift in Sources */ = {isa = PBXBuildFile; fileRef = 42FD02049A6DE3216058C8FA /* WeekSnapshot.swift */; };
		55D0F85F59CB6BE1C66EAD38 /* RunWeek.swift in Sources */ = {isa = PBXBuildFile; fileRef = 56F5464BE0196BC03E8F0255 /* RunWeek.swift */; };
		5843214DF0F756E312673578 /* OFL.txt in Resources */ = {isa = PBXBuildFile; fileRef = 7D363B4FE9688A032EED38C4 /* OFL.txt */; };
		5871CAE9414DFEAD955B7C4B /* FontLoader.swift in Sources */ = {isa = PBXBuildFile; fileRef = 7041C5B5C3C56EA9BCBC5895 /* FontLoader.swift */; };
		58D78360BAFF6BF5665AC772 /* FirstLaunchView.swift in Sources */ = {isa = PBXBuildFile; fileRef = 87DFFE92F35B99B3676E4629 /* FirstLaunchView.swift */; };
		59BA508FAA84EEC60E39378E /* RunSession.swift in Sources */ = {isa = PBXBuildFile; fileRef = 591C33FACB6B9A5D87A858BB /* RunSession.swift */; };
		5B29CAA45111F1A2496CB5B5 /* RecordingIssue.swift in Sources */ = {isa = PBXBuildFile; fileRef = 1EC5D9A0957780EACF963837 /* RecordingIssue.swift */; };
		5DAB3C3134575691D9112096 /* SpaceGrotesk-Regular.ttf in Resources */ = {isa = PBXBuildFile; fileRef = 7C209714F563309F93D95928 /* SpaceGrotesk-Regular.ttf */; };
		5EB0431CDE6F6DE2261CAB1B /* SpaceGrotesk-Bold.ttf in Resources */ = {isa = PBXBuildFile; fileRef = 858D839FA995513CE4FBFBFB /* SpaceGrotesk-Bold.ttf */; };
		6444CDA1CAB6E8DAE64EDEFC /* RunMetrics.swift in Sources */ = {isa = PBXBuildFile; fileRef = 6E4FBEACE59FC61F61A04220 /* RunMetrics.swift */; };
		651D84C9E3CC69E39CF29428 /* RunAnalytics.swift in Sources */ = {isa = PBXBuildFile; fileRef = 506DE4D0BFC1892ED9C97D97 /* RunAnalytics.swift */; };
		6841D02032CC9CDD2B2C09B3 /* RunSampleStore.swift in Sources */ = {isa = PBXBuildFile; fileRef = 35A2BF1160B61F7331AC0308 /* RunSampleStore.swift */; };
		68D6599A4AFBC9796959F88B /* TopBar.swift in Sources */ = {isa = PBXBuildFile; fileRef = 485542A4B0D645CFCC648C51 /* TopBar.swift */; };
		6905CDB7A68F0AF8003D5E95 /* RunExport.swift in Sources */ = {isa = PBXBuildFile; fileRef = C4AE7EB972483756B1B4BD09 /* RunExport.swift */; };
		69210F511F8BCE4784B38B3C /* WatchHomeView.swift in Sources */ = {isa = PBXBuildFile; fileRef = 3E3F1A48729A6BD0B5FC67DE /* WatchHomeView.swift */; };
		6924813CBAB2B1FE0D43B31E /* AppDefaults.swift in Sources */ = {isa = PBXBuildFile; fileRef = 4EA7CA19D96A380C1E5D2ECF /* AppDefaults.swift */; };
		6B518FFE68FA01C3ADD13FDD /* SpaceGrotesk-Bold.ttf in Resources */ = {isa = PBXBuildFile; fileRef = 858D839FA995513CE4FBFBFB /* SpaceGrotesk-Bold.ttf */; };
		6C559BD36B188D6EB8DD8BFF /* PacerViews.swift in Sources */ = {isa = PBXBuildFile; fileRef = 70F243526819E3203BC8EC68 /* PacerViews.swift */; };
		6CDF6CAC52FFF686C46A9587 /* SpaceGrotesk-Light.ttf in Resources */ = {isa = PBXBuildFile; fileRef = 8A2261073FBBD8C3A56D3695 /* SpaceGrotesk-Light.ttf */; };
		6CEAFA77482B7929938A2DE1 /* SampleData.swift in Sources */ = {isa = PBXBuildFile; fileRef = 9706CC7AC3AF5DD0051A05A8 /* SampleData.swift */; };
		6EB9B6945D9E649D58FC53D1 /* RunSync.swift in Sources */ = {isa = PBXBuildFile; fileRef = 99659A5B888C4EF67485D477 /* RunSync.swift */; };
		70A19E1E2303F0EAC6B2588A /* RunWeek.swift in Sources */ = {isa = PBXBuildFile; fileRef = 56F5464BE0196BC03E8F0255 /* RunWeek.swift */; };
		7106A2CF88A06C1A9832676F /* SpaceGrotesk-Regular.ttf in Resources */ = {isa = PBXBuildFile; fileRef = 7C209714F563309F93D95928 /* SpaceGrotesk-Regular.ttf */; };
		7643EAA0E5005D421F7CA092 /* RunMetrics.swift in Sources */ = {isa = PBXBuildFile; fileRef = 6E4FBEACE59FC61F61A04220 /* RunMetrics.swift */; };
		7689C91808C6D09BB947694D /* Models.swift in Sources */ = {isa = PBXBuildFile; fileRef = CF3515C4DD609F7375C055AA /* Models.swift */; };
		76EC5DB3393322A4BE112ABE /* RunView.swift in Sources */ = {isa = PBXBuildFile; fileRef = 9F1A0FA13132AED3D257C31B /* RunView.swift */; };
		7772564C47ADC2DC7E2C838C /* Charts.swift in Sources */ = {isa = PBXBuildFile; fileRef = 7833EDFB1BA31C1B90CF2A5E /* Charts.swift */; };
		782D299EA462322E9724CBA6 /* AppDefaults.swift in Sources */ = {isa = PBXBuildFile; fileRef = 4EA7CA19D96A380C1E5D2ECF /* AppDefaults.swift */; };
		79F43D75C534282329132BD0 /* Scaffold.swift in Sources */ = {isa = PBXBuildFile; fileRef = 65AEBA896B9201B26676F060 /* Scaffold.swift */; };
		7BCB1A4A803954AE36866C9E /* WeekSnapshot.swift in Sources */ = {isa = PBXBuildFile; fileRef = 42FD02049A6DE3216058C8FA /* WeekSnapshot.swift */; };
		7D7DDAD960A42C75E9FB606E /* RunPalette.swift in Sources */ = {isa = PBXBuildFile; fileRef = 60332871CFEA2AFE9925CDAE /* RunPalette.swift */; };
		7F84D2D9C84563F992B44A82 /* SharedComponents.swift in Sources */ = {isa = PBXBuildFile; fileRef = 742835D6D8B7C6204427A3C0 /* SharedComponents.swift */; };
		82ACFB09DDF6B7B2DCC420F1 /* RunMetrics.swift in Sources */ = {isa = PBXBuildFile; fileRef = 6E4FBEACE59FC61F61A04220 /* RunMetrics.swift */; };
		830260335BDEAF3CD5BCBE7F /* SpaceGrotesk-Medium.ttf in Resources */ = {isa = PBXBuildFile; fileRef = 741D0ECD05019FE9B9E6258E /* SpaceGrotesk-Medium.ttf */; };
		861722063404981A6CD43987 /* AppDefaults.swift in Sources */ = {isa = PBXBuildFile; fileRef = 4EA7CA19D96A380C1E5D2ECF /* AppDefaults.swift */; };
		868EC442098C4BD06E26115B /* HeartRateProfile.swift in Sources */ = {isa = PBXBuildFile; fileRef = A7FBB797F1648FC729833297 /* HeartRateProfile.swift */; };
		8911108B369D36350F47DAE3 /* Theme.swift in Sources */ = {isa = PBXBuildFile; fileRef = E47BCF44600BC83F472F7AE0 /* Theme.swift */; };
		898A0FE20D45DAF944B06D0A /* RunAnalytics.swift in Sources */ = {isa = PBXBuildFile; fileRef = 506DE4D0BFC1892ED9C97D97 /* RunAnalytics.swift */; };
		8A2BD53B1D4CF409BCE14B29 /* SpaceGrotesk-Regular.ttf in Resources */ = {isa = PBXBuildFile; fileRef = 7C209714F563309F93D95928 /* SpaceGrotesk-Regular.ttf */; };
		8B6414D964170CF94DE59755 /* CurrimusWidgets.swift in Sources */ = {isa = PBXBuildFile; fileRef = 367A4044965F5409D34C5401 /* CurrimusWidgets.swift */; };
		8E2EBF3DF43C6B4E2BEC91AF /* Glass.swift in Sources */ = {isa = PBXBuildFile; fileRef = 3DB6B5A2E80C367BEE291B1F /* Glass.swift */; };
		8F585BDDC2AF5605F11907F7 /* RunDetailView.swift in Sources */ = {isa = PBXBuildFile; fileRef = CBF32E948B3DF95D2F5BD7CF /* RunDetailView.swift */; };
		921B31AB79D2FBF173A9B1C7 /* Models.swift in Sources */ = {isa = PBXBuildFile; fileRef = CF3515C4DD609F7375C055AA /* Models.swift */; };
		928FB6A679175338A1AB032B /* HeartRateProfile.swift in Sources */ = {isa = PBXBuildFile; fileRef = A7FBB797F1648FC729833297 /* HeartRateProfile.swift */; };
		95057FCF29C634615715C893 /* ProgressTabView.swift in Sources */ = {isa = PBXBuildFile; fileRef = 2093769E1832392AF743C8EC /* ProgressTabView.swift */; };
		9727438948BE77F429EBCE65 /* DebugFlags.swift in Sources */ = {isa = PBXBuildFile; fileRef = 31E09415889FE9881BBFFB33 /* DebugFlags.swift */; };
		97FDBDF1A2B41336BA763A90 /* RunSampleStore.swift in Sources */ = {isa = PBXBuildFile; fileRef = 35A2BF1160B61F7331AC0308 /* RunSampleStore.swift */; };
		9817FE36FB474C32290ECCE0 /* RunWeek.swift in Sources */ = {isa = PBXBuildFile; fileRef = 56F5464BE0196BC03E8F0255 /* RunWeek.swift */; };
		9927D96D0D564F054BC2B449 /* SampleData.swift in Sources */ = {isa = PBXBuildFile; fileRef = 9706CC7AC3AF5DD0051A05A8 /* SampleData.swift */; };
		9ADAF4F78A56DF1F635A50C9 /* RecordingIssue.swift in Sources */ = {isa = PBXBuildFile; fileRef = 1EC5D9A0957780EACF963837 /* RecordingIssue.swift */; };
		9B9424914A12A92D7CB3F61C /* RaceView.swift in Sources */ = {isa = PBXBuildFile; fileRef = EEBAEDA4D72D2CAAE6D14325 /* RaceView.swift */; };
		A10FC0458A9B7ADD0008EE8A /* RunPalette.swift in Sources */ = {isa = PBXBuildFile; fileRef = 60332871CFEA2AFE9925CDAE /* RunPalette.swift */; };
		A1A5B66C0F1E6EF71826474B /* Assets.xcassets in Resources */ = {isa = PBXBuildFile; fileRef = A6CFB5CC07067218F2414163 /* Assets.xcassets */; };
		A26A16C3F90065FA5A88BC10 /* DebugFlags.swift in Sources */ = {isa = PBXBuildFile; fileRef = 31E09415889FE9881BBFFB33 /* DebugFlags.swift */; };
		A28544720DE563808062AEE6 /* RunMetricsTests.swift in Sources */ = {isa = PBXBuildFile; fileRef = 776C9DC6EFBBC77654B2C197 /* RunMetricsTests.swift */; };
		A28A4016C9EF471DC28C03A9 /* SpaceGrotesk-Medium.ttf in Resources */ = {isa = PBXBuildFile; fileRef = 741D0ECD05019FE9B9E6258E /* SpaceGrotesk-Medium.ttf */; };
		A3B64D4AADF9E2AFF22057DF /* SettingsView.swift in Sources */ = {isa = PBXBuildFile; fileRef = 315BB07B29A7E2F717AFC457 /* SettingsView.swift */; };
		A4E9CEEEFE94B2D7711201C3 /* RunExport.swift in Sources */ = {isa = PBXBuildFile; fileRef = C4AE7EB972483756B1B4BD09 /* RunExport.swift */; };
		A50593043F2F4E43C5CF7D98 /* LogView.swift in Sources */ = {isa = PBXBuildFile; fileRef = D2A0A8C374CC2DF912776427 /* LogView.swift */; };
		A6734944701C0004DB0EEB48 /* AlwaysOn.swift in Sources */ = {isa = PBXBuildFile; fileRef = E4A703AB6859F2CA4B35CC46 /* AlwaysOn.swift */; };
		A931CDE83BEE82558E4CE220 /* SharedComponents.swift in Sources */ = {isa = PBXBuildFile; fileRef = 742835D6D8B7C6204427A3C0 /* SharedComponents.swift */; };
		AB3F9B670C35A7DF7524C002 /* Theme.swift in Sources */ = {isa = PBXBuildFile; fileRef = E47BCF44600BC83F472F7AE0 /* Theme.swift */; };
		AF7888360F4BF7DBD2E1BF2A /* HeartRateProfile.swift in Sources */ = {isa = PBXBuildFile; fileRef = A7FBB797F1648FC729833297 /* HeartRateProfile.swift */; };
		AF8B59555800E52D952805DD /* SpaceGrotesk-Bold.ttf in Resources */ = {isa = PBXBuildFile; fileRef = 858D839FA995513CE4FBFBFB /* SpaceGrotesk-Bold.ttf */; };
		B088041022A6EF3E28813E66 /* Localizable.xcstrings in Resources */ = {isa = PBXBuildFile; fileRef = C025916FFE193709BFE79626 /* Localizable.xcstrings */; };
		B1750243611A3E10BDCD574D /* RecordsView.swift in Sources */ = {isa = PBXBuildFile; fileRef = 3C9CB42153EFED5140123404 /* RecordsView.swift */; };
		B1A27DE2B7F0E859A492023D /* SampleData.swift in Sources */ = {isa = PBXBuildFile; fileRef = 9706CC7AC3AF5DD0051A05A8 /* SampleData.swift */; };
		B22739DB9864EA01A42319F5 /* RunPalette.swift in Sources */ = {isa = PBXBuildFile; fileRef = 60332871CFEA2AFE9925CDAE /* RunPalette.swift */; };
		B749CFE69D9A5A8A4D6D3A8D /* OFL.txt in Resources */ = {isa = PBXBuildFile; fileRef = 7D363B4FE9688A032EED38C4 /* OFL.txt */; };
		B79B4C5D78818C6FB7DE3668 /* SpaceGrotesk-Light.ttf in Resources */ = {isa = PBXBuildFile; fileRef = 8A2261073FBBD8C3A56D3695 /* SpaceGrotesk-Light.ttf */; };
		B9AB9B26A8F7D7B113454FE8 /* RunAnalyticsTests.swift in Sources */ = {isa = PBXBuildFile; fileRef = 0D053C6FDC95B6C0D9F8CA7C /* RunAnalyticsTests.swift */; };
		BBA33462F041B60D1F8C523E /* Log.swift in Sources */ = {isa = PBXBuildFile; fileRef = 2EA58C9AB36DB9CE81261E36 /* Log.swift */; };
		BC5EEA2E4381B9371D0A86CD /* RunStore.swift in Sources */ = {isa = PBXBuildFile; fileRef = 65B6A62A4E92A05F4D05C253 /* RunStore.swift */; };
		BD8AD29F820387287BC04619 /* RunExportTests.swift in Sources */ = {isa = PBXBuildFile; fileRef = E024589EC7343ED3809D8F41 /* RunExportTests.swift */; };
		BE8B9BE35F089EDE445C643B /* WeekSnapshot.swift in Sources */ = {isa = PBXBuildFile; fileRef = 42FD02049A6DE3216058C8FA /* WeekSnapshot.swift */; };
		C1BC79A4D874C952DAE8F3E1 /* HeartRateProfile.swift in Sources */ = {isa = PBXBuildFile; fileRef = A7FBB797F1648FC729833297 /* HeartRateProfile.swift */; };
		C2486B37815CA4713B1A972F /* RunAnalytics.swift in Sources */ = {isa = PBXBuildFile; fileRef = 506DE4D0BFC1892ED9C97D97 /* RunAnalytics.swift */; };
		C3408FCD4D821DCB249C039C /* RunPalette.swift in Sources */ = {isa = PBXBuildFile; fileRef = 60332871CFEA2AFE9925CDAE /* RunPalette.swift */; };
		C402C57F16B22CD36FCDBC7E /* RunStore.swift in Sources */ = {isa = PBXBuildFile; fileRef = 65B6A62A4E92A05F4D05C253 /* RunStore.swift */; };
		CA1AED99715D51D64C75A9FB /* Log.swift in Sources */ = {isa = PBXBuildFile; fileRef = 2EA58C9AB36DB9CE81261E36 /* Log.swift */; };
		CA35F13CFFC33FBF28853586 /* FontLoader.swift in Sources */ = {isa = PBXBuildFile; fileRef = 7041C5B5C3C56EA9BCBC5895 /* FontLoader.swift */; };
		CB051C7B414C753DA3945E3A /* RunMetrics.swift in Sources */ = {isa = PBXBuildFile; fileRef = 6E4FBEACE59FC61F61A04220 /* RunMetrics.swift */; };
		D03CFF6F549424CF8B570758 /* RecordingPolicyTests.swift in Sources */ = {isa = PBXBuildFile; fileRef = A2CB59BCA4018F4C3EBBFD25 /* RecordingPolicyTests.swift */; };
		D3C9971367CBA431B1365E4A /* CurrimusApp.swift in Sources */ = {isa = PBXBuildFile; fileRef = 752748C2C4376164266AC885 /* CurrimusApp.swift */; };
		D47B33063F6CCE2BCC5A6DB3 /* DebugFlags.swift in Sources */ = {isa = PBXBuildFile; fileRef = 31E09415889FE9881BBFFB33 /* DebugFlags.swift */; };
		D687CD7AA9868B8B982FE26E /* Models.swift in Sources */ = {isa = PBXBuildFile; fileRef = CF3515C4DD609F7375C055AA /* Models.swift */; };
		DB7737B26FB59423A7ADD549 /* WatchApp.swift in Sources */ = {isa = PBXBuildFile; fileRef = A55F4CF421595E439C843775 /* WatchApp.swift */; };
		DC5F3F32B0274951D97B1959 /* SharedComponents.swift in Sources */ = {isa = PBXBuildFile; fileRef = 742835D6D8B7C6204427A3C0 /* SharedComponents.swift */; };
		DE0C57860063777DB60AD519 /* DebugFlags.swift in Sources */ = {isa = PBXBuildFile; fileRef = 31E09415889FE9881BBFFB33 /* DebugFlags.swift */; };
		E7AD9B70C6E27CE0D4CB116D /* RecordingIssue.swift in Sources */ = {isa = PBXBuildFile; fileRef = 1EC5D9A0957780EACF963837 /* RecordingIssue.swift */; };
		E86BFECCF96440F2567693E0 /* SharedComponents.swift in Sources */ = {isa = PBXBuildFile; fileRef = 742835D6D8B7C6204427A3C0 /* SharedComponents.swift */; };
		EC55258A7F95B65787BEEDD2 /* RecordingIssueViews.swift in Sources */ = {isa = PBXBuildFile; fileRef = C8E3EEBDD46A2C2878930F10 /* RecordingIssueViews.swift */; };
		F207E95C76E6E6A33A9B4859 /* RunEditView.swift in Sources */ = {isa = PBXBuildFile; fileRef = 5CD6D8198237FDA19530FD50 /* RunEditView.swift */; };
		F510560E3551F6D4F3842E46 /* WeekSnapshot.swift in Sources */ = {isa = PBXBuildFile; fileRef = 42FD02049A6DE3216058C8FA /* WeekSnapshot.swift */; };
		F7A7C35C3DF0D466D580D012 /* TrailViews.swift in Sources */ = {isa = PBXBuildFile; fileRef = 093CE780E88BBF9DB0F19E1D /* TrailViews.swift */; };
		F8AB414317BEB2FAAB2E3321 /* Theme.swift in Sources */ = {isa = PBXBuildFile; fileRef = E47BCF44600BC83F472F7AE0 /* Theme.swift */; };
		FCB58A150AA3CAC5971F86BB /* SummaryView.swift in Sources */ = {isa = PBXBuildFile; fileRef = 9B6CDF2A60DB7B8C7B810C1A /* SummaryView.swift */; };
		FE5A5F0749AAABADF619C9F0 /* HealthImport.swift in Sources */ = {isa = PBXBuildFile; fileRef = 46E064E4F53870876EEA1602 /* HealthImport.swift */; };
/* End PBXBuildFile section */

/* Begin PBXContainerItemProxy section */
		42A482A0A333CDA690B0EC1F /* PBXContainerItemProxy */ = {
			isa = PBXContainerItemProxy;
			containerPortal = 85A309E6DD9ADF05A2431D53 /* Project object */;
			proxyType = 1;
			remoteGlobalIDString = DC4EB7F9010256AAE8FB5ED9;
			remoteInfo = CurrimusWatch;
		};
		557200D83CABA5F4BC7BCD89 /* PBXContainerItemProxy */ = {
			isa = PBXContainerItemProxy;
			containerPortal = 85A309E6DD9ADF05A2431D53 /* Project object */;
			proxyType = 1;
			remoteGlobalIDString = CA2C3F29B285D1403A3E2C2F;
			remoteInfo = CurrimusWatchWidgets;
		};
/* End PBXContainerItemProxy section */

/* Begin PBXCopyFilesBuildPhase section */
		98D07A93A169ED472025263A /* Embed Foundation Extensions */ = {
			isa = PBXCopyFilesBuildPhase;
			buildActionMask = 2147483647;
			dstPath = "";
			dstSubfolderSpec = 13;
			files = (
				07C5CEEF37DA02B813DDA920 /* CurrimusWatchWidgets.appex in Embed Foundation Extensions */,
			);
			name = "Embed Foundation Extensions";
			runOnlyForDeploymentPostprocessing = 0;
		};
		DC6362DD336133777038B1C4 /* Embed Watch Content */ = {
			isa = PBXCopyFilesBuildPhase;
			buildActionMask = 2147483647;
			dstPath = "$(CONTENTS_FOLDER_PATH)/Watch";
			dstSubfolderSpec = 16;
			files = (
				47CE54F292D14E7AD6062FA0 /* CurrimusWatch.app in Embed Watch Content */,
			);
			name = "Embed Watch Content";
			runOnlyForDeploymentPostprocessing = 0;
		};
/* End PBXCopyFilesBuildPhase section */

/* Begin PBXFileReference section */
		093CE780E88BBF9DB0F19E1D /* TrailViews.swift */ = {isa = PBXFileReference; lastKnownFileType = sourcecode.swift; path = TrailViews.swift; sourceTree = "<group>"; };
		0D053C6FDC95B6C0D9F8CA7C /* RunAnalyticsTests.swift */ = {isa = PBXFileReference; lastKnownFileType = sourcecode.swift; path = RunAnalyticsTests.swift; sourceTree = "<group>"; };
		13D61C620B2F41C1B8C0B5B2 /* Info.plist */ = {isa = PBXFileReference; lastKnownFileType = text.plist; path = Info.plist; sourceTree = "<group>"; };
		1EC5D9A0957780EACF963837 /* RecordingIssue.swift */ = {isa = PBXFileReference; lastKnownFileType = sourcecode.swift; path = RecordingIssue.swift; sourceTree = "<group>"; };
		2093769E1832392AF743C8EC /* ProgressTabView.swift */ = {isa = PBXFileReference; lastKnownFileType = sourcecode.swift; path = ProgressTabView.swift; sourceTree = "<group>"; };
		2EA58C9AB36DB9CE81261E36 /* Log.swift */ = {isa = PBXFileReference; lastKnownFileType = sourcecode.swift; path = Log.swift; sourceTree = "<group>"; };
		315BB07B29A7E2F717AFC457 /* SettingsView.swift */ = {isa = PBXFileReference; lastKnownFileType = sourcecode.swift; path = SettingsView.swift; sourceTree = "<group>"; };
		31E09415889FE9881BBFFB33 /* DebugFlags.swift */ = {isa = PBXFileReference; lastKnownFileType = sourcecode.swift; path = DebugFlags.swift; sourceTree = "<group>"; };
		35A2BF1160B61F7331AC0308 /* RunSampleStore.swift */ = {isa = PBXFileReference; lastKnownFileType = sourcecode.swift; path = RunSampleStore.swift; sourceTree = "<group>"; };
		367A4044965F5409D34C5401 /* CurrimusWidgets.swift */ = {isa = PBXFileReference; lastKnownFileType = sourcecode.swift; path = CurrimusWidgets.swift; sourceTree = "<group>"; };
		3C9CB42153EFED5140123404 /* RecordsView.swift */ = {isa = PBXFileReference; lastKnownFileType = sourcecode.swift; path = RecordsView.swift; sourceTree = "<group>"; };
		3DB6B5A2E80C367BEE291B1F /* Glass.swift */ = {isa = PBXFileReference; lastKnownFileType = sourcecode.swift; path = Glass.swift; sourceTree = "<group>"; };
		3E3F1A48729A6BD0B5FC67DE /* WatchHomeView.swift */ = {isa = PBXFileReference; lastKnownFileType = sourcecode.swift; path = WatchHomeView.swift; sourceTree = "<group>"; };
		42FD02049A6DE3216058C8FA /* WeekSnapshot.swift */ = {isa = PBXFileReference; lastKnownFileType = sourcecode.swift; path = WeekSnapshot.swift; sourceTree = "<group>"; };
		46E064E4F53870876EEA1602 /* HealthImport.swift */ = {isa = PBXFileReference; lastKnownFileType = sourcecode.swift; path = HealthImport.swift; sourceTree = "<group>"; };
		485542A4B0D645CFCC648C51 /* TopBar.swift */ = {isa = PBXFileReference; lastKnownFileType = sourcecode.swift; path = TopBar.swift; sourceTree = "<group>"; };
		4A2F7A36A31D6342D15638DA /* Currimus.app */ = {isa = PBXFileReference; includeInIndex = 0; lastKnownFileType = wrapper.application; path = Currimus.app; sourceTree = BUILT_PRODUCTS_DIR; };
		4EA7CA19D96A380C1E5D2ECF /* AppDefaults.swift */ = {isa = PBXFileReference; lastKnownFileType = sourcecode.swift; path = AppDefaults.swift; sourceTree = "<group>"; };
		506DE4D0BFC1892ED9C97D97 /* RunAnalytics.swift */ = {isa = PBXFileReference; lastKnownFileType = sourcecode.swift; path = RunAnalytics.swift; sourceTree = "<group>"; };
		56F5464BE0196BC03E8F0255 /* RunWeek.swift */ = {isa = PBXFileReference; lastKnownFileType = sourcecode.swift; path = RunWeek.swift; sourceTree = "<group>"; };
		591C33FACB6B9A5D87A858BB /* RunSession.swift */ = {isa = PBXFileReference; lastKnownFileType = sourcecode.swift; path = RunSession.swift; sourceTree = "<group>"; };
		5CD6D8198237FDA19530FD50 /* RunEditView.swift */ = {isa = PBXFileReference; lastKnownFileType = sourcecode.swift; path = RunEditView.swift; sourceTree = "<group>"; };
		60332871CFEA2AFE9925CDAE /* RunPalette.swift */ = {isa = PBXFileReference; lastKnownFileType = sourcecode.swift; path = RunPalette.swift; sourceTree = "<group>"; };
		61423834EFBB80EBFAC112C9 /* CurrimusWatchWidgets.entitlements */ = {isa = PBXFileReference; lastKnownFileType = text.plist.entitlements; path = CurrimusWatchWidgets.entitlements; sourceTree = "<group>"; };
		65AEBA896B9201B26676F060 /* Scaffold.swift */ = {isa = PBXFileReference; lastKnownFileType = sourcecode.swift; path = Scaffold.swift; sourceTree = "<group>"; };
		65B6A62A4E92A05F4D05C253 /* RunStore.swift */ = {isa = PBXFileReference; lastKnownFileType = sourcecode.swift; path = RunStore.swift; sourceTree = "<group>"; };
		6E4FBEACE59FC61F61A04220 /* RunMetrics.swift */ = {isa = PBXFileReference; lastKnownFileType = sourcecode.swift; path = RunMetrics.swift; sourceTree = "<group>"; };
		7041C5B5C3C56EA9BCBC5895 /* FontLoader.swift */ = {isa = PBXFileReference; lastKnownFileType = sourcecode.swift; path = FontLoader.swift; sourceTree = "<group>"; };
		70F243526819E3203BC8EC68 /* PacerViews.swift */ = {isa = PBXFileReference; lastKnownFileType = sourcecode.swift; path = PacerViews.swift; sourceTree = "<group>"; };
		741D0ECD05019FE9B9E6258E /* SpaceGrotesk-Medium.ttf */ = {isa = PBXFileReference; lastKnownFileType = file; path = "SpaceGrotesk-Medium.ttf"; sourceTree = "<group>"; };
		742835D6D8B7C6204427A3C0 /* SharedComponents.swift */ = {isa = PBXFileReference; lastKnownFileType = sourcecode.swift; path = SharedComponents.swift; sourceTree = "<group>"; };
		752748C2C4376164266AC885 /* CurrimusApp.swift */ = {isa = PBXFileReference; lastKnownFileType = sourcecode.swift; path = CurrimusApp.swift; sourceTree = "<group>"; };
		776C9DC6EFBBC77654B2C197 /* RunMetricsTests.swift */ = {isa = PBXFileReference; lastKnownFileType = sourcecode.swift; path = RunMetricsTests.swift; sourceTree = "<group>"; };
		7833EDFB1BA31C1B90CF2A5E /* Charts.swift */ = {isa = PBXFileReference; lastKnownFileType = sourcecode.swift; path = Charts.swift; sourceTree = "<group>"; };
		7C209714F563309F93D95928 /* SpaceGrotesk-Regular.ttf */ = {isa = PBXFileReference; lastKnownFileType = file; path = "SpaceGrotesk-Regular.ttf"; sourceTree = "<group>"; };
		7D363B4FE9688A032EED38C4 /* OFL.txt */ = {isa = PBXFileReference; lastKnownFileType = text; path = OFL.txt; sourceTree = "<group>"; };
		858D839FA995513CE4FBFBFB /* SpaceGrotesk-Bold.ttf */ = {isa = PBXFileReference; lastKnownFileType = file; path = "SpaceGrotesk-Bold.ttf"; sourceTree = "<group>"; };
		87DFFE92F35B99B3676E4629 /* FirstLaunchView.swift */ = {isa = PBXFileReference; lastKnownFileType = sourcecode.swift; path = FirstLaunchView.swift; sourceTree = "<group>"; };
		8A2261073FBBD8C3A56D3695 /* SpaceGrotesk-Light.ttf */ = {isa = PBXFileReference; lastKnownFileType = file; path = "SpaceGrotesk-Light.ttf"; sourceTree = "<group>"; };
		9706CC7AC3AF5DD0051A05A8 /* SampleData.swift */ = {isa = PBXFileReference; lastKnownFileType = sourcecode.swift; path = SampleData.swift; sourceTree = "<group>"; };
		99659A5B888C4EF67485D477 /* RunSync.swift */ = {isa = PBXFileReference; lastKnownFileType = sourcecode.swift; path = RunSync.swift; sourceTree = "<group>"; };
		9B6CDF2A60DB7B8C7B810C1A /* SummaryView.swift */ = {isa = PBXFileReference; lastKnownFileType = sourcecode.swift; path = SummaryView.swift; sourceTree = "<group>"; };
		9D336F171455FDB718A18387 /* HomeView.swift */ = {isa = PBXFileReference; lastKnownFileType = sourcecode.swift; path = HomeView.swift; sourceTree = "<group>"; };
		9F1A0FA13132AED3D257C31B /* RunView.swift */ = {isa = PBXFileReference; lastKnownFileType = sourcecode.swift; path = RunView.swift; sourceTree = "<group>"; };
		A2CB59BCA4018F4C3EBBFD25 /* RecordingPolicyTests.swift */ = {isa = PBXFileReference; lastKnownFileType = sourcecode.swift; path = RecordingPolicyTests.swift; sourceTree = "<group>"; };
		A55F4CF421595E439C843775 /* WatchApp.swift */ = {isa = PBXFileReference; lastKnownFileType = sourcecode.swift; path = WatchApp.swift; sourceTree = "<group>"; };
		A6CFB5CC07067218F2414163 /* Assets.xcassets */ = {isa = PBXFileReference; lastKnownFileType = folder.assetcatalog; path = Assets.xcassets; sourceTree = "<group>"; };
		A7798A4301C39FF833B1EBEF /* CurrimusTests.xctest */ = {isa = PBXFileReference; includeInIndex = 0; lastKnownFileType = wrapper.cfbundle; path = CurrimusTests.xctest; sourceTree = BUILT_PRODUCTS_DIR; };
		A7FBB797F1648FC729833297 /* HeartRateProfile.swift */ = {isa = PBXFileReference; lastKnownFileType = sourcecode.swift; path = HeartRateProfile.swift; sourceTree = "<group>"; };
		B81AF2D50A1295819CF2F665 /* RunScaffold.swift */ = {isa = PBXFileReference; lastKnownFileType = sourcecode.swift; path = RunScaffold.swift; sourceTree = "<group>"; };
		BA72643E97B3CCB96BF5996B /* CurrimusWatchWidgets.appex */ = {isa = PBXFileReference; explicitFileType = "wrapper.app-extension"; includeInIndex = 0; path = CurrimusWatchWidgets.appex; sourceTree = BUILT_PRODUCTS_DIR; };
		BB4A80647FF8D963E8F48FFA /* CurrimusWatch.entitlements */ = {isa = PBXFileReference; lastKnownFileType = text.plist.entitlements; path = CurrimusWatch.entitlements; sourceTree = "<group>"; };
		C025916FFE193709BFE79626 /* Localizable.xcstrings */ = {isa = PBXFileReference; lastKnownFileType = text.json.xcstrings; path = Localizable.xcstrings; sourceTree = "<group>"; };
		C4AE7EB972483756B1B4BD09 /* RunExport.swift */ = {isa = PBXFileReference; lastKnownFileType = sourcecode.swift; path = RunExport.swift; sourceTree = "<group>"; };
		C8E3EEBDD46A2C2878930F10 /* RecordingIssueViews.swift */ = {isa = PBXFileReference; lastKnownFileType = sourcecode.swift; path = RecordingIssueViews.swift; sourceTree = "<group>"; };
		CBF32E948B3DF95D2F5BD7CF /* RunDetailView.swift */ = {isa = PBXFileReference; lastKnownFileType = sourcecode.swift; path = RunDetailView.swift; sourceTree = "<group>"; };
		CF3515C4DD609F7375C055AA /* Models.swift */ = {isa = PBXFileReference; lastKnownFileType = sourcecode.swift; path = Models.swift; sourceTree = "<group>"; };
		D22E4A08BC4686C2D7CC7F5A /* CurrimusWatch.app */ = {isa = PBXFileReference; explicitFileType = wrapper.application; includeInIndex = 0; path = CurrimusWatch.app; sourceTree = BUILT_PRODUCTS_DIR; };
		D2A0A8C374CC2DF912776427 /* LogView.swift */ = {isa = PBXFileReference; lastKnownFileType = sourcecode.swift; path = LogView.swift; sourceTree = "<group>"; };
		DCBE840AF1F7A6789D2DADA0 /* Currimus.entitlements */ = {isa = PBXFileReference; lastKnownFileType = text.plist.entitlements; path = Currimus.entitlements; sourceTree = "<group>"; };
		DD88986EEA97DE1411F9263F /* Assets.xcassets */ = {isa = PBXFileReference; lastKnownFileType = folder.assetcatalog; path = Assets.xcassets; sourceTree = "<group>"; };
		E024589EC7343ED3809D8F41 /* RunExportTests.swift */ = {isa = PBXFileReference; lastKnownFileType = sourcecode.swift; path = RunExportTests.swift; sourceTree = "<group>"; };
		E47BCF44600BC83F472F7AE0 /* Theme.swift */ = {isa = PBXFileReference; lastKnownFileType = sourcecode.swift; path = Theme.swift; sourceTree = "<group>"; };
		E4A703AB6859F2CA4B35CC46 /* AlwaysOn.swift */ = {isa = PBXFileReference; lastKnownFileType = sourcecode.swift; path = AlwaysOn.swift; sourceTree = "<group>"; };
		E717959C80C76B4970E1A1D3 /* SpaceGrotesk-SemiBold.ttf */ = {isa = PBXFileReference; lastKnownFileType = file; path = "SpaceGrotesk-SemiBold.ttf"; sourceTree = "<group>"; };
		E7F9B6C5CE55770CF0FED06C /* RunStoreTests.swift */ = {isa = PBXFileReference; lastKnownFileType = sourcecode.swift; path = RunStoreTests.swift; sourceTree = "<group>"; };
		EEBAEDA4D72D2CAAE6D14325 /* RaceView.swift */ = {isa = PBXFileReference; lastKnownFileType = sourcecode.swift; path = RaceView.swift; sourceTree = "<group>"; };
		FBF1B697133D1D045364B6E4 /* Info.plist */ = {isa = PBXFileReference; lastKnownFileType = text.plist; path = Info.plist; sourceTree = "<group>"; };
/* End PBXFileReference section */

/* Begin PBXGroup section */
		0955E5EB3EAD559243A19707 /* Shared */ = {
			isa = PBXGroup;
			children = (
				4EA7CA19D96A380C1E5D2ECF /* AppDefaults.swift */,
				31E09415889FE9881BBFFB33 /* DebugFlags.swift */,
				7041C5B5C3C56EA9BCBC5895 /* FontLoader.swift */,
				46E064E4F53870876EEA1602 /* HealthImport.swift */,
				A7FBB797F1648FC729833297 /* HeartRateProfile.swift */,
				2EA58C9AB36DB9CE81261E36 /* Log.swift */,
				CF3515C4DD609F7375C055AA /* Models.swift */,
				1EC5D9A0957780EACF963837 /* RecordingIssue.swift */,
				506DE4D0BFC1892ED9C97D97 /* RunAnalytics.swift */,
				C4AE7EB972483756B1B4BD09 /* RunExport.swift */,
				6E4FBEACE59FC61F61A04220 /* RunMetrics.swift */,
				60332871CFEA2AFE9925CDAE /* RunPalette.swift */,
				35A2BF1160B61F7331AC0308 /* RunSampleStore.swift */,
				65B6A62A4E92A05F4D05C253 /* RunStore.swift */,
				99659A5B888C4EF67485D477 /* RunSync.swift */,
				56F5464BE0196BC03E8F0255 /* RunWeek.swift */,
				9706CC7AC3AF5DD0051A05A8 /* SampleData.swift */,
				742835D6D8B7C6204427A3C0 /* SharedComponents.swift */,
				E47BCF44600BC83F472F7AE0 /* Theme.swift */,
				42FD02049A6DE3216058C8FA /* WeekSnapshot.swift */,
			);
			path = Shared;
			sourceTree = "<group>";
		};
		4204BD4FA7344B17146FAF3A = {
			isa = PBXGroup;
			children = (
				43CCB28E418F22ACA597CA06 /* Fonts */,
				5C62DF926D8D3642EBDDEFC5 /* iOS */,
				B062C292B818DE4DFF9EAFF2 /* Resources */,
				0955E5EB3EAD559243A19707 /* Shared */,
				97D9648BC6D32F15DEF736BC /* Tests */,
				64931F4C1BECC8078974DD90 /* Watch */,
				4520411446D3456FD8A99652 /* WatchWidgets */,
				F82FB9F92023F70ED54D274A /* Products */,
			);
			sourceTree = "<group>";
		};
		43CCB28E418F22ACA597CA06 /* Fonts */ = {
			isa = PBXGroup;
			children = (
				7D363B4FE9688A032EED38C4 /* OFL.txt */,
				858D839FA995513CE4FBFBFB /* SpaceGrotesk-Bold.ttf */,
				8A2261073FBBD8C3A56D3695 /* SpaceGrotesk-Light.ttf */,
				741D0ECD05019FE9B9E6258E /* SpaceGrotesk-Medium.ttf */,
				7C209714F563309F93D95928 /* SpaceGrotesk-Regular.ttf */,
				E717959C80C76B4970E1A1D3 /* SpaceGrotesk-SemiBold.ttf */,
			);
			path = Fonts;
			sourceTree = "<group>";
		};
		4520411446D3456FD8A99652 /* WatchWidgets */ = {
			isa = PBXGroup;
			children = (
				61423834EFBB80EBFAC112C9 /* CurrimusWatchWidgets.entitlements */,
				367A4044965F5409D34C5401 /* CurrimusWidgets.swift */,
				13D61C620B2F41C1B8C0B5B2 /* Info.plist */,
			);
			path = WatchWidgets;
			sourceTree = "<group>";
		};
		5C62DF926D8D3642EBDDEFC5 /* iOS */ = {
			isa = PBXGroup;
			children = (
				A6CFB5CC07067218F2414163 /* Assets.xcassets */,
				7833EDFB1BA31C1B90CF2A5E /* Charts.swift */,
				DCBE840AF1F7A6789D2DADA0 /* Currimus.entitlements */,
				752748C2C4376164266AC885 /* CurrimusApp.swift */,
				87DFFE92F35B99B3676E4629 /* FirstLaunchView.swift */,
				3DB6B5A2E80C367BEE291B1F /* Glass.swift */,
				9D336F171455FDB718A18387 /* HomeView.swift */,
				D2A0A8C374CC2DF912776427 /* LogView.swift */,
				2093769E1832392AF743C8EC /* ProgressTabView.swift */,
				EEBAEDA4D72D2CAAE6D14325 /* RaceView.swift */,
				3C9CB42153EFED5140123404 /* RecordsView.swift */,
				CBF32E948B3DF95D2F5BD7CF /* RunDetailView.swift */,
				5CD6D8198237FDA19530FD50 /* RunEditView.swift */,
				65AEBA896B9201B26676F060 /* Scaffold.swift */,
				315BB07B29A7E2F717AFC457 /* SettingsView.swift */,
			);
			path = iOS;
			sourceTree = "<group>";
		};
		64931F4C1BECC8078974DD90 /* Watch */ = {
			isa = PBXGroup;
			children = (
				E4A703AB6859F2CA4B35CC46 /* AlwaysOn.swift */,
				DD88986EEA97DE1411F9263F /* Assets.xcassets */,
				BB4A80647FF8D963E8F48FFA /* CurrimusWatch.entitlements */,
				FBF1B697133D1D045364B6E4 /* Info.plist */,
				70F243526819E3203BC8EC68 /* PacerViews.swift */,
				C8E3EEBDD46A2C2878930F10 /* RecordingIssueViews.swift */,
				B81AF2D50A1295819CF2F665 /* RunScaffold.swift */,
				591C33FACB6B9A5D87A858BB /* RunSession.swift */,
				9F1A0FA13132AED3D257C31B /* RunView.swift */,
				9B6CDF2A60DB7B8C7B810C1A /* SummaryView.swift */,
				485542A4B0D645CFCC648C51 /* TopBar.swift */,
				093CE780E88BBF9DB0F19E1D /* TrailViews.swift */,
				A55F4CF421595E439C843775 /* WatchApp.swift */,
				3E3F1A48729A6BD0B5FC67DE /* WatchHomeView.swift */,
			);
			path = Watch;
			sourceTree = "<group>";
		};
		97D9648BC6D32F15DEF736BC /* Tests */ = {
			isa = PBXGroup;
			children = (
				A2CB59BCA4018F4C3EBBFD25 /* RecordingPolicyTests.swift */,
				0D053C6FDC95B6C0D9F8CA7C /* RunAnalyticsTests.swift */,
				E024589EC7343ED3809D8F41 /* RunExportTests.swift */,
				776C9DC6EFBBC77654B2C197 /* RunMetricsTests.swift */,
				E7F9B6C5CE55770CF0FED06C /* RunStoreTests.swift */,
			);
			path = Tests;
			sourceTree = "<group>";
		};
		B062C292B818DE4DFF9EAFF2 /* Resources */ = {
			isa = PBXGroup;
			children = (
				C025916FFE193709BFE79626 /* Localizable.xcstrings */,
			);
			path = Resources;
			sourceTree = "<group>";
		};
		F82FB9F92023F70ED54D274A /* Products */ = {
			isa = PBXGroup;
			children = (
				4A2F7A36A31D6342D15638DA /* Currimus.app */,
				A7798A4301C39FF833B1EBEF /* CurrimusTests.xctest */,
				D22E4A08BC4686C2D7CC7F5A /* CurrimusWatch.app */,
				BA72643E97B3CCB96BF5996B /* CurrimusWatchWidgets.appex */,
			);
			name = Products;
			sourceTree = "<group>";
		};
/* End PBXGroup section */

/* Begin PBXNativeTarget section */
		02321DE45E155EE5C1C4F746 /* CurrimusTests */ = {
			isa = PBXNativeTarget;
			buildConfigurationList = 9CC58250308D6A3B6EA17DD8 /* Build configuration list for PBXNativeTarget "CurrimusTests" */;
			buildPhases = (
				C65331E4FB00B2E2598D0052 /* Sources */,
			);
			buildRules = (
			);
			dependencies = (
			);
			name = CurrimusTests;
			packageProductDependencies = (
			);
			productName = CurrimusTests;
			productReference = A7798A4301C39FF833B1EBEF /* CurrimusTests.xctest */;
			productType = "com.apple.product-type.bundle.unit-test";
		};
		CA2C3F29B285D1403A3E2C2F /* CurrimusWatchWidgets */ = {
			isa = PBXNativeTarget;
			buildConfigurationList = D9FB804E6FF2935E57FE6DDE /* Build configuration list for PBXNativeTarget "CurrimusWatchWidgets" */;
			buildPhases = (
				D59DACB25A846B610CC7F199 /* Sources */,
				7D4387F052062F8B7CA67DEA /* Resources */,
			);
			buildRules = (
			);
			dependencies = (
			);
			name = CurrimusWatchWidgets;
			packageProductDependencies = (
			);
			productName = CurrimusWatchWidgets;
			productReference = BA72643E97B3CCB96BF5996B /* CurrimusWatchWidgets.appex */;
			productType = "com.apple.product-type.app-extension";
		};
		DC4EB7F9010256AAE8FB5ED9 /* CurrimusWatch */ = {
			isa = PBXNativeTarget;
			buildConfigurationList = 3162EFDD8C588172797E0891 /* Build configuration list for PBXNativeTarget "CurrimusWatch" */;
			buildPhases = (
				A1AB3C2C7FC4BEAD6346A220 /* Sources */,
				43287DCB2C920087AE173AD8 /* Resources */,
				98D07A93A169ED472025263A /* Embed Foundation Extensions */,
			);
			buildRules = (
			);
			dependencies = (
				CB5B03D0F6B12B5B9C9AEFAB /* PBXTargetDependency */,
			);
			name = CurrimusWatch;
			packageProductDependencies = (
			);
			productName = CurrimusWatch;
			productReference = D22E4A08BC4686C2D7CC7F5A /* CurrimusWatch.app */;
			productType = "com.apple.product-type.application";
		};
		F7FBDF38598250E3CB3341E4 /* Currimus */ = {
			isa = PBXNativeTarget;
			buildConfigurationList = 0AB2BD96EA596CA9289F6549 /* Build configuration list for PBXNativeTarget "Currimus" */;
			buildPhases = (
				F6064E11590F41709F025C0B /* Sources */,
				58076073C051795B79DFBB82 /* Resources */,
				DC6362DD336133777038B1C4 /* Embed Watch Content */,
			);
			buildRules = (
			);
			dependencies = (
				E30E49A57181C5F01B21F73E /* PBXTargetDependency */,
			);
			name = Currimus;
			packageProductDependencies = (
			);
			productName = Currimus;
			productReference = 4A2F7A36A31D6342D15638DA /* Currimus.app */;
			productType = "com.apple.product-type.application";
		};
/* End PBXNativeTarget section */

/* Begin PBXProject section */
		85A309E6DD9ADF05A2431D53 /* Project object */ = {
			isa = PBXProject;
			attributes = {
				BuildIndependentTargetsInParallel = YES;
				LastUpgradeCheck = 1430;
				TargetAttributes = {
					02321DE45E155EE5C1C4F746 = {
						DevelopmentTeam = 88U4UH4ASG;
						ProvisioningStyle = Automatic;
					};
					CA2C3F29B285D1403A3E2C2F = {
						DevelopmentTeam = 88U4UH4ASG;
						ProvisioningStyle = Automatic;
					};
					DC4EB7F9010256AAE8FB5ED9 = {
						DevelopmentTeam = 88U4UH4ASG;
						ProvisioningStyle = Automatic;
					};
					F7FBDF38598250E3CB3341E4 = {
						DevelopmentTeam = 88U4UH4ASG;
						ProvisioningStyle = Automatic;
					};
				};
			};
			buildConfigurationList = 0B7D527365D20B45BDBFDA23 /* Build configuration list for PBXProject "Currimus" */;
			developmentRegion = en;
			hasScannedForEncodings = 0;
			knownRegions = (
				Base,
				en,
			);
			mainGroup = 4204BD4FA7344B17146FAF3A;
			minimizedProjectReferenceProxies = 1;
			preferredProjectObjectVersion = 77;
			productRefGroup = F82FB9F92023F70ED54D274A /* Products */;
			projectDirPath = "";
			projectRoot = "";
			targets = (
				F7FBDF38598250E3CB3341E4 /* Currimus */,
				02321DE45E155EE5C1C4F746 /* CurrimusTests */,
				DC4EB7F9010256AAE8FB5ED9 /* CurrimusWatch */,
				CA2C3F29B285D1403A3E2C2F /* CurrimusWatchWidgets */,
			);
		};
/* End PBXProject section */

/* Begin PBXResourcesBuildPhase section */
		43287DCB2C920087AE173AD8 /* Resources */ = {
			isa = PBXResourcesBuildPhase;
			buildActionMask = 2147483647;
			files = (
				2BED9195AAB4F4F85A5717DC /* Assets.xcassets in Resources */,
				B088041022A6EF3E28813E66 /* Localizable.xcstrings in Resources */,
				B749CFE69D9A5A8A4D6D3A8D /* OFL.txt in Resources */,
				6B518FFE68FA01C3ADD13FDD /* SpaceGrotesk-Bold.ttf in Resources */,
				2CB91D71E6B6E6FA24F1C95F /* SpaceGrotesk-Light.ttf in Resources */,
				830260335BDEAF3CD5BCBE7F /* SpaceGrotesk-Medium.ttf in Resources */,
				8A2BD53B1D4CF409BCE14B29 /* SpaceGrotesk-Regular.ttf in Resources */,
				4F5B2CED42029C3BED5B683E /* SpaceGrotesk-SemiBold.ttf in Resources */,
			);
			runOnlyForDeploymentPostprocessing = 0;
		};
		58076073C051795B79DFBB82 /* Resources */ = {
			isa = PBXResourcesBuildPhase;
			buildActionMask = 2147483647;
			files = (
				A1A5B66C0F1E6EF71826474B /* Assets.xcassets in Resources */,
				00B5BFA9AA8BAE87BBD70110 /* Localizable.xcstrings in Resources */,
				5843214DF0F756E312673578 /* OFL.txt in Resources */,
				5EB0431CDE6F6DE2261CAB1B /* SpaceGrotesk-Bold.ttf in Resources */,
				B79B4C5D78818C6FB7DE3668 /* SpaceGrotesk-Light.ttf in Resources */,
				A28A4016C9EF471DC28C03A9 /* SpaceGrotesk-Medium.ttf in Resources */,
				7106A2CF88A06C1A9832676F /* SpaceGrotesk-Regular.ttf in Resources */,
				46CDAB9D5A52183942BD873E /* SpaceGrotesk-SemiBold.ttf in Resources */,
			);
			runOnlyForDeploymentPostprocessing = 0;
		};
		7D4387F052062F8B7CA67DEA /* Resources */ = {
			isa = PBXResourcesBuildPhase;
			buildActionMask = 2147483647;
			files = (
				487CD92918738997F3DB723F /* OFL.txt in Resources */,
				AF8B59555800E52D952805DD /* SpaceGrotesk-Bold.ttf in Resources */,
				6CDF6CAC52FFF686C46A9587 /* SpaceGrotesk-Light.ttf in Resources */,
				046023FB4F5535E396CA54F9 /* SpaceGrotesk-Medium.ttf in Resources */,
				5DAB3C3134575691D9112096 /* SpaceGrotesk-Regular.ttf in Resources */,
				2ECACF05656A544A071E091E /* SpaceGrotesk-SemiBold.ttf in Resources */,
			);
			runOnlyForDeploymentPostprocessing = 0;
		};
/* End PBXResourcesBuildPhase section */

/* Begin PBXSourcesBuildPhase section */
		A1AB3C2C7FC4BEAD6346A220 /* Sources */ = {
			isa = PBXSourcesBuildPhase;
			buildActionMask = 2147483647;
			files = (
				A6734944701C0004DB0EEB48 /* AlwaysOn.swift in Sources */,
				6924813CBAB2B1FE0D43B31E /* AppDefaults.swift in Sources */,
				DE0C57860063777DB60AD519 /* DebugFlags.swift in Sources */,
				CA35F13CFFC33FBF28853586 /* FontLoader.swift in Sources */,
				4E9DC5F07B3CCE7B709E81C6 /* HealthImport.swift in Sources */,
				C1BC79A4D874C952DAE8F3E1 /* HeartRateProfile.swift in Sources */,
				449E3A09C2FB15F329217684 /* Log.swift in Sources */,
				921B31AB79D2FBF173A9B1C7 /* Models.swift in Sources */,
				6C559BD36B188D6EB8DD8BFF /* PacerViews.swift in Sources */,
				E7AD9B70C6E27CE0D4CB116D /* RecordingIssue.swift in Sources */,
				EC55258A7F95B65787BEEDD2 /* RecordingIssueViews.swift in Sources */,
				46B6E33C7D7A8381DA916D62 /* RunAnalytics.swift in Sources */,
				1036F046D58875E97CB5C429 /* RunExport.swift in Sources */,
				7643EAA0E5005D421F7CA092 /* RunMetrics.swift in Sources */,
				A10FC0458A9B7ADD0008EE8A /* RunPalette.swift in Sources */,
				420A6A484F0DE550B615F0C8 /* RunSampleStore.swift in Sources */,
				045548523ED1B5719BF4BF25 /* RunScaffold.swift in Sources */,
				59BA508FAA84EEC60E39378E /* RunSession.swift in Sources */,
				1242EDB609907C5835F455E1 /* RunStore.swift in Sources */,
				29202736108BECE52768BC98 /* RunSync.swift in Sources */,
				76EC5DB3393322A4BE112ABE /* RunView.swift in Sources */,
				55D0F85F59CB6BE1C66EAD38 /* RunWeek.swift in Sources */,
				6CEAFA77482B7929938A2DE1 /* SampleData.swift in Sources */,
				DC5F3F32B0274951D97B1959 /* SharedComponents.swift in Sources */,
				FCB58A150AA3CAC5971F86BB /* SummaryView.swift in Sources */,
				AB3F9B670C35A7DF7524C002 /* Theme.swift in Sources */,
				68D6599A4AFBC9796959F88B /* TopBar.swift in Sources */,
				F7A7C35C3DF0D466D580D012 /* TrailViews.swift in Sources */,
				DB7737B26FB59423A7ADD549 /* WatchApp.swift in Sources */,
				69210F511F8BCE4784B38B3C /* WatchHomeView.swift in Sources */,
				7BCB1A4A803954AE36866C9E /* WeekSnapshot.swift in Sources */,
			);
			runOnlyForDeploymentPostprocessing = 0;
		};
		C65331E4FB00B2E2598D0052 /* Sources */ = {
			isa = PBXSourcesBuildPhase;
			buildActionMask = 2147483647;
			files = (
				861722063404981A6CD43987 /* AppDefaults.swift in Sources */,
				9727438948BE77F429EBCE65 /* DebugFlags.swift in Sources */,
				4CBCD27EBAFE272144D57CC1 /* FontLoader.swift in Sources */,
				47D3F5548C3FD6747232EAA3 /* HealthImport.swift in Sources */,
				868EC442098C4BD06E26115B /* HeartRateProfile.swift in Sources */,
				BBA33462F041B60D1F8C523E /* Log.swift in Sources */,
				53B0ED35B918C95FCCCA4B07 /* Models.swift in Sources */,
				9ADAF4F78A56DF1F635A50C9 /* RecordingIssue.swift in Sources */,
				D03CFF6F549424CF8B570758 /* RecordingPolicyTests.swift in Sources */,
				651D84C9E3CC69E39CF29428 /* RunAnalytics.swift in Sources */,
				B9AB9B26A8F7D7B113454FE8 /* RunAnalyticsTests.swift in Sources */,
				A4E9CEEEFE94B2D7711201C3 /* RunExport.swift in Sources */,
				BD8AD29F820387287BC04619 /* RunExportTests.swift in Sources */,
				CB051C7B414C753DA3945E3A /* RunMetrics.swift in Sources */,
				A28544720DE563808062AEE6 /* RunMetricsTests.swift in Sources */,
				C3408FCD4D821DCB249C039C /* RunPalette.swift in Sources */,
				3EDCB951E6A8420B6587553D /* RunSampleStore.swift in Sources */,
				C402C57F16B22CD36FCDBC7E /* RunStore.swift in Sources */,
				2FBDE3651DB7F383C79F5873 /* RunStoreTests.swift in Sources */,
				40D4E4DB344B503AAF1DF4B9 /* RunSync.swift in Sources */,
				9817FE36FB474C32290ECCE0 /* RunWeek.swift in Sources */,
				B1A27DE2B7F0E859A492023D /* SampleData.swift in Sources */,
				E86BFECCF96440F2567693E0 /* SharedComponents.swift in Sources */,
				F8AB414317BEB2FAAB2E3321 /* Theme.swift in Sources */,
				BE8B9BE35F089EDE445C643B /* WeekSnapshot.swift in Sources */,
			);
			runOnlyForDeploymentPostprocessing = 0;
		};
		D59DACB25A846B610CC7F199 /* Sources */ = {
			isa = PBXSourcesBuildPhase;
			buildActionMask = 2147483647;
			files = (
				29F109AB2C5C54FCA7053EE2 /* AppDefaults.swift in Sources */,
				8B6414D964170CF94DE59755 /* CurrimusWidgets.swift in Sources */,
				D47B33063F6CCE2BCC5A6DB3 /* DebugFlags.swift in Sources */,
				2981B3EADB4136CEB5C61AD3 /* FontLoader.swift in Sources */,
				4C3178B122AD4A60DCDDA078 /* HealthImport.swift in Sources */,
				AF7888360F4BF7DBD2E1BF2A /* HeartRateProfile.swift in Sources */,
				CA1AED99715D51D64C75A9FB /* Log.swift in Sources */,
				D687CD7AA9868B8B982FE26E /* Models.swift in Sources */,
				5B29CAA45111F1A2496CB5B5 /* RecordingIssue.swift in Sources */,
				C2486B37815CA4713B1A972F /* RunAnalytics.swift in Sources */,
				190698F50C3CAC3A718B9688 /* RunExport.swift in Sources */,
				82ACFB09DDF6B7B2DCC420F1 /* RunMetrics.swift in Sources */,
				7D7DDAD960A42C75E9FB606E /* RunPalette.swift in Sources */,
				97FDBDF1A2B41336BA763A90 /* RunSampleStore.swift in Sources */,
				4E4AF6DCA02A01FEE46387B7 /* RunStore.swift in Sources */,
				0AF2B49944699FB95A35180D /* RunSync.swift in Sources */,
				70A19E1E2303F0EAC6B2588A /* RunWeek.swift in Sources */,
				36AD42538236A5E3C7DEBBFA /* SampleData.swift in Sources */,
				7F84D2D9C84563F992B44A82 /* SharedComponents.swift in Sources */,
				8911108B369D36350F47DAE3 /* Theme.swift in Sources */,
				F510560E3551F6D4F3842E46 /* WeekSnapshot.swift in Sources */,
			);
			runOnlyForDeploymentPostprocessing = 0;
		};
		F6064E11590F41709F025C0B /* Sources */ = {
			isa = PBXSourcesBuildPhase;
			buildActionMask = 2147483647;
			files = (
				782D299EA462322E9724CBA6 /* AppDefaults.swift in Sources */,
				7772564C47ADC2DC7E2C838C /* Charts.swift in Sources */,
				D3C9971367CBA431B1365E4A /* CurrimusApp.swift in Sources */,
				A26A16C3F90065FA5A88BC10 /* DebugFlags.swift in Sources */,
				58D78360BAFF6BF5665AC772 /* FirstLaunchView.swift in Sources */,
				5871CAE9414DFEAD955B7C4B /* FontLoader.swift in Sources */,
				8E2EBF3DF43C6B4E2BEC91AF /* Glass.swift in Sources */,
				FE5A5F0749AAABADF619C9F0 /* HealthImport.swift in Sources */,
				928FB6A679175338A1AB032B /* HeartRateProfile.swift in Sources */,
				4A93497D731DA4D66AE0ED2B /* HomeView.swift in Sources */,
				10AAF1A5FFD45EB38E9620D8 /* Log.swift in Sources */,
				A50593043F2F4E43C5CF7D98 /* LogView.swift in Sources */,
				7689C91808C6D09BB947694D /* Models.swift in Sources */,
				95057FCF29C634615715C893 /* ProgressTabView.swift in Sources */,
				9B9424914A12A92D7CB3F61C /* RaceView.swift in Sources */,
				489D187DA8A40C27BC216EDE /* RecordingIssue.swift in Sources */,
				B1750243611A3E10BDCD574D /* RecordsView.swift in Sources */,
				898A0FE20D45DAF944B06D0A /* RunAnalytics.swift in Sources */,
				8F585BDDC2AF5605F11907F7 /* RunDetailView.swift in Sources */,
				F207E95C76E6E6A33A9B4859 /* RunEditView.swift in Sources */,
				6905CDB7A68F0AF8003D5E95 /* RunExport.swift in Sources */,
				6444CDA1CAB6E8DAE64EDEFC /* RunMetrics.swift in Sources */,
				B22739DB9864EA01A42319F5 /* RunPalette.swift in Sources */,
				6841D02032CC9CDD2B2C09B3 /* RunSampleStore.swift in Sources */,
				BC5EEA2E4381B9371D0A86CD /* RunStore.swift in Sources */,
				6EB9B6945D9E649D58FC53D1 /* RunSync.swift in Sources */,
				051AF0F0EA15F44F5D3F9848 /* RunWeek.swift in Sources */,
				9927D96D0D564F054BC2B449 /* SampleData.swift in Sources */,
				79F43D75C534282329132BD0 /* Scaffold.swift in Sources */,
				A3B64D4AADF9E2AFF22057DF /* SettingsView.swift in Sources */,
				A931CDE83BEE82558E4CE220 /* SharedComponents.swift in Sources */,
				18D1C40B1D4614C0E2361BEE /* Theme.swift in Sources */,
				53FBDEC2B58546052685A40C /* WeekSnapshot.swift in Sources */,
			);
			runOnlyForDeploymentPostprocessing = 0;
		};
/* End PBXSourcesBuildPhase section */

/* Begin PBXTargetDependency section */
		CB5B03D0F6B12B5B9C9AEFAB /* PBXTargetDependency */ = {
			isa = PBXTargetDependency;
			target = CA2C3F29B285D1403A3E2C2F /* CurrimusWatchWidgets */;
			targetProxy = 557200D83CABA5F4BC7BCD89 /* PBXContainerItemProxy */;
		};
		E30E49A57181C5F01B21F73E /* PBXTargetDependency */ = {
			isa = PBXTargetDependency;
			target = DC4EB7F9010256AAE8FB5ED9 /* CurrimusWatch */;
			targetProxy = 42A482A0A333CDA690B0EC1F /* PBXContainerItemProxy */;
		};
/* End PBXTargetDependency section */

/* Begin XCBuildConfiguration section */
		0822F72006BA40DAB2084557 /* Debug */ = {
			isa = XCBuildConfiguration;
			buildSettings = {
				ALWAYS_SEARCH_USER_PATHS = NO;
				ASSETCATALOG_COMPILER_APPICON_NAME = AppIcon;
				CLANG_ANALYZER_NONNULL = YES;
				CLANG_ANALYZER_NUMBER_OBJECT_CONVERSION = YES_AGGRESSIVE;
				CLANG_CXX_LANGUAGE_STANDARD = "gnu++14";
				CLANG_CXX_LIBRARY = "libc++";
				CLANG_ENABLE_MODULES = YES;
				CLANG_ENABLE_OBJC_ARC = YES;
				CLANG_ENABLE_OBJC_WEAK = YES;
				CLANG_WARN_BLOCK_CAPTURE_AUTORELEASING = YES;
				CLANG_WARN_BOOL_CONVERSION = YES;
				CLANG_WARN_COMMA = YES;
				CLANG_WARN_CONSTANT_CONVERSION = YES;
				CLANG_WARN_DEPRECATED_OBJC_IMPLEMENTATIONS = YES;
				CLANG_WARN_DIRECT_OBJC_ISA_USAGE = YES_ERROR;
				CLANG_WARN_DOCUMENTATION_COMMENTS = YES;
				CLANG_WARN_EMPTY_BODY = YES;
				CLANG_WARN_ENUM_CONVERSION = YES;
				CLANG_WARN_INFINITE_RECURSION = YES;
				CLANG_WARN_INT_CONVERSION = YES;
				CLANG_WARN_NON_LITERAL_NULL_CONVERSION = YES;
				CLANG_WARN_OBJC_IMPLICIT_RETAIN_SELF = YES;
				CLANG_WARN_OBJC_LITERAL_CONVERSION = YES;
				CLANG_WARN_OBJC_ROOT_CLASS = YES_ERROR;
				CLANG_WARN_QUOTED_INCLUDE_IN_FRAMEWORK_HEADER = YES;
				CLANG_WARN_RANGE_LOOP_ANALYSIS = YES;
				CLANG_WARN_STRICT_PROTOTYPES = YES;
				CLANG_WARN_SUSPICIOUS_MOVE = YES;
				CLANG_WARN_UNGUARDED_AVAILABILITY = YES_AGGRESSIVE;
				CLANG_WARN_UNREACHABLE_CODE = YES;
				CLANG_WARN__DUPLICATE_METHOD_MATCH = YES;
				CODE_SIGN_STYLE = Automatic;
				COPY_PHASE_STRIP = NO;
				CURRENT_PROJECT_VERSION = 1;
				DEBUG_INFORMATION_FORMAT = dwarf;
				DEVELOPMENT_TEAM = 88U4UH4ASG;
				ENABLE_STRICT_OBJC_MSGSEND = YES;
				ENABLE_TESTABILITY = YES;
				GCC_C_LANGUAGE_STANDARD = gnu11;
				GCC_DYNAMIC_NO_PIC = NO;
				GCC_NO_COMMON_BLOCKS = YES;
				GCC_OPTIMIZATION_LEVEL = 0;
				GCC_PREPROCESSOR_DEFINITIONS = (
					"$(inherited)",
					"DEBUG=1",
				);
				GCC_WARN_64_TO_32_BIT_CONVERSION = YES;
				GCC_WARN_ABOUT_RETURN_TYPE = YES_ERROR;
				GCC_WARN_UNDECLARED_SELECTOR = YES;
				GCC_WARN_UNINITIALIZED_AUTOS = YES_AGGRESSIVE;
				GCC_WARN_UNUSED_FUNCTION = YES;
				GCC_WARN_UNUSED_VARIABLE = YES;
				GENERATE_INFOPLIST_FILE = YES;
				IPHONEOS_DEPLOYMENT_TARGET = 26.0;
				MARKETING_VERSION = 1.0;
				MTL_ENABLE_DEBUG_INFO = INCLUDE_SOURCE;
				MTL_FAST_MATH = YES;
				ONLY_ACTIVE_ARCH = YES;
				PRODUCT_NAME = "$(TARGET_NAME)";
				SWIFT_ACTIVE_COMPILATION_CONDITIONS = DEBUG;
				SWIFT_EMIT_LOC_STRINGS = YES;
				SWIFT_OPTIMIZATION_LEVEL = "-Onone";
				SWIFT_STRICT_CONCURRENCY = complete;
				SWIFT_VERSION = 6.0;
				WATCHOS_DEPLOYMENT_TARGET = 11.0;
			};
			name = Debug;
		};
		23F3F4A8D13F8DB5CF8DC3DE /* Debug */ = {
			isa = XCBuildConfiguration;
			buildSettings = {
				ASSETCATALOG_COMPILER_APPICON_NAME = AppIcon;
				CODE_SIGN_ENTITLEMENTS = iOS/Currimus.entitlements;
				CODE_SIGN_IDENTITY = "iPhone Developer";
				INFOPLIST_KEY_CFBundleDisplayName = Currimus;
				INFOPLIST_KEY_NSHealthShareUsageDescription = "Currimus reads your running workouts from Apple Health.";
				INFOPLIST_KEY_NSHealthUpdateUsageDescription = "Currimus saves your runs as workouts to Apple Health.";
				INFOPLIST_KEY_UILaunchScreen_Generation = YES;
				INFOPLIST_KEY_UISupportedInterfaceOrientations = UIInterfaceOrientationPortrait;
				INFOPLIST_KEY_UIUserInterfaceStyle = Dark;
				LD_RUNPATH_SEARCH_PATHS = (
					"$(inherited)",
					"@executable_path/Frameworks",
				);
				PRODUCT_BUNDLE_IDENTIFIER = com.currimus.app;
				SDKROOT = iphoneos;
				TARGETED_DEVICE_FAMILY = 1;
			};
			name = Debug;
		};
		90FB9EA6422CC70A66D0E395 /* Debug */ = {
			isa = XCBuildConfiguration;
			buildSettings = {
				BUNDLE_LOADER = "$(TEST_HOST)";
				GENERATE_INFOPLIST_FILE = YES;
				LD_RUNPATH_SEARCH_PATHS = (
					"$(inherited)",
					"@executable_path/Frameworks",
					"@loader_path/Frameworks",
				);
				PRODUCT_BUNDLE_IDENTIFIER = com.currimus.app.tests;
				SDKROOT = iphoneos;
				TARGETED_DEVICE_FAMILY = "1,2";
			};
			name = Debug;
		};
		B87FFFFE9A7FACC660E19BEC /* Debug */ = {
			isa = XCBuildConfiguration;
			buildSettings = {
				ASSETCATALOG_COMPILER_APPICON_NAME = AppIcon;
				CODE_SIGN_ENTITLEMENTS = Watch/CurrimusWatch.entitlements;
				INFOPLIST_FILE = Watch/Info.plist;
				INFOPLIST_KEY_CFBundleDisplayName = Currimus;
				INFOPLIST_KEY_NSHealthShareUsageDescription = "Currimus reads heart rate and distance to show live pace and zones during your run.";
				INFOPLIST_KEY_NSHealthUpdateUsageDescription = "Currimus saves your runs as workouts to Apple Health.";
				INFOPLIST_KEY_NSLocationWhenInUseUsageDescription = "Currimus uses GPS to record your route, distance and elevation while you run.";
				PRODUCT_BUNDLE_IDENTIFIER = com.currimus.app.watchkitapp;
				SDKROOT = watchos;
				SKIP_INSTALL = YES;
				TARGETED_DEVICE_FAMILY = 4;
			};
			name = Debug;
		};
		C197D9797C2BDBF313F0F447 /* Release */ = {
			isa = XCBuildConfiguration;
			buildSettings = {
				CODE_SIGN_ENTITLEMENTS = WatchWidgets/CurrimusWatchWidgets.entitlements;
				INFOPLIST_FILE = WatchWidgets/Info.plist;
				INFOPLIST_KEY_CFBundleDisplayName = Currimus;
				LD_RUNPATH_SEARCH_PATHS = (
					"$(inherited)",
					"@executable_path/Frameworks",
					"@executable_path/../../Frameworks",
				);
				PRODUCT_BUNDLE_IDENTIFIER = com.currimus.app.watchkitapp.widgets;
				SDKROOT = watchos;
				SKIP_INSTALL = YES;
				TARGETED_DEVICE_FAMILY = 4;
			};
			name = Release;
		};
		C9C5D918A88C0BDB026FB100 /* Release */ = {
			isa = XCBuildConfiguration;
			buildSettings = {
				ASSETCATALOG_COMPILER_APPICON_NAME = AppIcon;
				CODE_SIGN_ENTITLEMENTS = Watch/CurrimusWatch.entitlements;
				INFOPLIST_FILE = Watch/Info.plist;
				INFOPLIST_KEY_CFBundleDisplayName = Currimus;
				INFOPLIST_KEY_NSHealthShareUsageDescription = "Currimus reads heart rate and distance to show live pace and zones during your run.";
				INFOPLIST_KEY_NSHealthUpdateUsageDescription = "Currimus saves your runs as workouts to Apple Health.";
				INFOPLIST_KEY_NSLocationWhenInUseUsageDescription = "Currimus uses GPS to record your route, distance and elevation while you run.";
				PRODUCT_BUNDLE_IDENTIFIER = com.currimus.app.watchkitapp;
				SDKROOT = watchos;
				SKIP_INSTALL = YES;
				TARGETED_DEVICE_FAMILY = 4;
			};
			name = Release;
		};
		E632EC5D3CDDDA87EDB4F2E9 /* Debug */ = {
			isa = XCBuildConfiguration;
			buildSettings = {
				CODE_SIGN_ENTITLEMENTS = WatchWidgets/CurrimusWatchWidgets.entitlements;
				INFOPLIST_FILE = WatchWidgets/Info.plist;
				INFOPLIST_KEY_CFBundleDisplayName = Currimus;
				LD_RUNPATH_SEARCH_PATHS = (
					"$(inherited)",
					"@executable_path/Frameworks",
					"@executable_path/../../Frameworks",
				);
				PRODUCT_BUNDLE_IDENTIFIER = com.currimus.app.watchkitapp.widgets;
				SDKROOT = watchos;
				SKIP_INSTALL = YES;
				TARGETED_DEVICE_FAMILY = 4;
			};
			name = Debug;
		};
		EB4761C40A688CAFDD5ED7AC /* Release */ = {
			isa = XCBuildConfiguration;
			buildSettings = {
				ASSETCATALOG_COMPILER_APPICON_NAME = AppIcon;
				CODE_SIGN_ENTITLEMENTS = iOS/Currimus.entitlements;
				CODE_SIGN_IDENTITY = "iPhone Developer";
				INFOPLIST_KEY_CFBundleDisplayName = Currimus;
				INFOPLIST_KEY_NSHealthShareUsageDescription = "Currimus reads your running workouts from Apple Health.";
				INFOPLIST_KEY_NSHealthUpdateUsageDescription = "Currimus saves your runs as workouts to Apple Health.";
				INFOPLIST_KEY_UILaunchScreen_Generation = YES;
				INFOPLIST_KEY_UISupportedInterfaceOrientations = UIInterfaceOrientationPortrait;
				INFOPLIST_KEY_UIUserInterfaceStyle = Dark;
				LD_RUNPATH_SEARCH_PATHS = (
					"$(inherited)",
					"@executable_path/Frameworks",
				);
				PRODUCT_BUNDLE_IDENTIFIER = com.currimus.app;
				SDKROOT = iphoneos;
				TARGETED_DEVICE_FAMILY = 1;
			};
			name = Release;
		};
		F4A3DCF25E2247E4C7B7FBDF /* Release */ = {
			isa = XCBuildConfiguration;
			buildSettings = {
				ALWAYS_SEARCH_USER_PATHS = NO;
				ASSETCATALOG_COMPILER_APPICON_NAME = AppIcon;
				CLANG_ANALYZER_NONNULL = YES;
				CLANG_ANALYZER_NUMBER_OBJECT_CONVERSION = YES_AGGRESSIVE;
				CLANG_CXX_LANGUAGE_STANDARD = "gnu++14";
				CLANG_CXX_LIBRARY = "libc++";
				CLANG_ENABLE_MODULES = YES;
				CLANG_ENABLE_OBJC_ARC = YES;
				CLANG_ENABLE_OBJC_WEAK = YES;
				CLANG_WARN_BLOCK_CAPTURE_AUTORELEASING = YES;
				CLANG_WARN_BOOL_CONVERSION = YES;
				CLANG_WARN_COMMA = YES;
				CLANG_WARN_CONSTANT_CONVERSION = YES;
				CLANG_WARN_DEPRECATED_OBJC_IMPLEMENTATIONS = YES;
				CLANG_WARN_DIRECT_OBJC_ISA_USAGE = YES_ERROR;
				CLANG_WARN_DOCUMENTATION_COMMENTS = YES;
				CLANG_WARN_EMPTY_BODY = YES;
				CLANG_WARN_ENUM_CONVERSION = YES;
				CLANG_WARN_INFINITE_RECURSION = YES;
				CLANG_WARN_INT_CONVERSION = YES;
				CLANG_WARN_NON_LITERAL_NULL_CONVERSION = YES;
				CLANG_WARN_OBJC_IMPLICIT_RETAIN_SELF = YES;
				CLANG_WARN_OBJC_LITERAL_CONVERSION = YES;
				CLANG_WARN_OBJC_ROOT_CLASS = YES_ERROR;
				CLANG_WARN_QUOTED_INCLUDE_IN_FRAMEWORK_HEADER = YES;
				CLANG_WARN_RANGE_LOOP_ANALYSIS = YES;
				CLANG_WARN_STRICT_PROTOTYPES = YES;
				CLANG_WARN_SUSPICIOUS_MOVE = YES;
				CLANG_WARN_UNGUARDED_AVAILABILITY = YES_AGGRESSIVE;
				CLANG_WARN_UNREACHABLE_CODE = YES;
				CLANG_WARN__DUPLICATE_METHOD_MATCH = YES;
				CODE_SIGN_STYLE = Automatic;
				COPY_PHASE_STRIP = NO;
				CURRENT_PROJECT_VERSION = 1;
				DEBUG_INFORMATION_FORMAT = "dwarf-with-dsym";
				DEVELOPMENT_TEAM = 88U4UH4ASG;
				ENABLE_NS_ASSERTIONS = NO;
				ENABLE_STRICT_OBJC_MSGSEND = YES;
				GCC_C_LANGUAGE_STANDARD = gnu11;
				GCC_NO_COMMON_BLOCKS = YES;
				GCC_WARN_64_TO_32_BIT_CONVERSION = YES;
				GCC_WARN_ABOUT_RETURN_TYPE = YES_ERROR;
				GCC_WARN_UNDECLARED_SELECTOR = YES;
				GCC_WARN_UNINITIALIZED_AUTOS = YES_AGGRESSIVE;
				GCC_WARN_UNUSED_FUNCTION = YES;
				GCC_WARN_UNUSED_VARIABLE = YES;
				GENERATE_INFOPLIST_FILE = YES;
				IPHONEOS_DEPLOYMENT_TARGET = 26.0;
				MARKETING_VERSION = 1.0;
				MTL_ENABLE_DEBUG_INFO = NO;
				MTL_FAST_MATH = YES;
				PRODUCT_NAME = "$(TARGET_NAME)";
				SWIFT_COMPILATION_MODE = wholemodule;
				SWIFT_EMIT_LOC_STRINGS = YES;
				SWIFT_OPTIMIZATION_LEVEL = "-O";
				SWIFT_STRICT_CONCURRENCY = complete;
				SWIFT_VERSION = 6.0;
				WATCHOS_DEPLOYMENT_TARGET = 11.0;
			};
			name = Release;
		};
		FC0B87DA324F717EC5E8C502 /* Release */ = {
			isa = XCBuildConfiguration;
			buildSettings = {
				BUNDLE_LOADER = "$(TEST_HOST)";
				GENERATE_INFOPLIST_FILE = YES;
				LD_RUNPATH_SEARCH_PATHS = (
					"$(inherited)",
					"@executable_path/Frameworks",
					"@loader_path/Frameworks",
				);
				PRODUCT_BUNDLE_IDENTIFIER = com.currimus.app.tests;
				SDKROOT = iphoneos;
				TARGETED_DEVICE_FAMILY = "1,2";
			};
			name = Release;
		};
/* End XCBuildConfiguration section */

/* Begin XCConfigurationList section */
		0AB2BD96EA596CA9289F6549 /* Build configuration list for PBXNativeTarget "Currimus" */ = {
			isa = XCConfigurationList;
			buildConfigurations = (
				23F3F4A8D13F8DB5CF8DC3DE /* Debug */,
				EB4761C40A688CAFDD5ED7AC /* Release */,
			);
			defaultConfigurationIsVisible = 0;
			defaultConfigurationName = Debug;
		};
		0B7D527365D20B45BDBFDA23 /* Build configuration list for PBXProject "Currimus" */ = {
			isa = XCConfigurationList;
			buildConfigurations = (
				0822F72006BA40DAB2084557 /* Debug */,
				F4A3DCF25E2247E4C7B7FBDF /* Release */,
			);
			defaultConfigurationIsVisible = 0;
			defaultConfigurationName = Debug;
		};
		3162EFDD8C588172797E0891 /* Build configuration list for PBXNativeTarget "CurrimusWatch" */ = {
			isa = XCConfigurationList;
			buildConfigurations = (
				B87FFFFE9A7FACC660E19BEC /* Debug */,
				C9C5D918A88C0BDB026FB100 /* Release */,
			);
			defaultConfigurationIsVisible = 0;
			defaultConfigurationName = Debug;
		};
		9CC58250308D6A3B6EA17DD8 /* Build configuration list for PBXNativeTarget "CurrimusTests" */ = {
			isa = XCConfigurationList;
			buildConfigurations = (
				90FB9EA6422CC70A66D0E395 /* Debug */,
				FC0B87DA324F717EC5E8C502 /* Release */,
			);
			defaultConfigurationIsVisible = 0;
			defaultConfigurationName = Debug;
		};
		D9FB804E6FF2935E57FE6DDE /* Build configuration list for PBXNativeTarget "CurrimusWatchWidgets" */ = {
			isa = XCConfigurationList;
			buildConfigurations = (
				E632EC5D3CDDDA87EDB4F2E9 /* Debug */,
				C197D9797C2BDBF313F0F447 /* Release */,
			);
			defaultConfigurationIsVisible = 0;
			defaultConfigurationName = Debug;
		};
/* End XCConfigurationList section */
	};
	rootObject = 85A309E6DD9ADF05A2431D53 /* Project object */;
}
